
Microsoft Visual Studio Solution File, Format Version 12.00
# Visual Studio 15
Project("{FAE04EC0-301F-11D3-BF4B-00C04F79EFBC}") = "SteamVR", "SteamVR.csproj", "{F68ABA6B-50B6-AC18-AC4F-2E50DBF3559B}"
EndProject
Project("{FAE04EC0-301F-11D3-BF4B-00C04F79EFBC}") = "Assembly-CSharp", "Assembly-CSharp.csproj", "{09596DEF-46D0-8AA2-853D-92C62593346F}"
EndProject
Project("{FAE04EC0-301F-11D3-BF4B-00C04F79EFBC}") = "SteamVR_Actions", "SteamVR_Actions.csproj", "{773414C0-3966-D756-00C1-4B3878998D8A}"
EndProject
Project("{FAE04EC0-301F-11D3-BF4B-00C04F79EFBC}") = "ConeMeshAssembly", "ConeMeshAssembly.csproj", "{DD534E5C-632A-D8A9-5795-97297E379A03}"
EndProject
Project("{FAE04EC0-301F-11D3-BF4B-00C04F79EFBC}") = "SteamVR_Input_Editor", "SteamVR_Input_Editor.csproj", "{7CE87E4F-889A-6704-C27B-5BCA69CCFE81}"
EndProject
Project("{FAE04EC0-301F-11D3-BF4B-00C04F79EFBC}") = "ConeMeshEditorAssembly", "ConeMeshEditorAssembly.csproj", "{36C2B820-20B1-737C-9D84-8A7C41E5A5BD}"
EndProject
Project("{FAE04EC0-301F-11D3-BF4B-00C04F79EFBC}") = "SteamVR_Editor", "SteamVR_Editor.csproj", "{B13F1668-6E8C-3D18-2747-D46AD7A435FB}"
EndProject
Project("{FAE04EC0-301F-11D3-BF4B-00C04F79EFBC}") = "SteamVR_Windows_EditorHelper", "SteamVR_Windows_EditorHelper.csproj", "{796F0F3C-AFB1-EC7E-105A-7EDB690BB11E}"
EndProject
Global
	GlobalSection(SolutionConfigurationPlatforms) = preSolution
		Debug|Any CPU = Debug|Any CPU
		Release|Any CPU = Release|Any CPU
	EndGlobalSection
	GlobalSection(ProjectConfigurationPlatforms) = postSolution
		{F68ABA6B-50B6-AC18-AC4F-2E50DBF3559B}.Debug|Any CPU.ActiveCfg = Debug|Any CPU
		{F68ABA6B-50B6-AC18-AC4F-2E50DBF3559B}.Debug|Any CPU.Build.0 = Debug|Any CPU
		{F68ABA6B-50B6-AC18-AC4F-2E50DBF3559B}.Release|Any CPU.ActiveCfg = Release|Any CPU
		{F68ABA6B-50B6-AC18-AC4F-2E50DBF3559B}.Release|Any CPU.Build.0 = Release|Any CPU
		{09596DEF-46D0-8AA2-853D-92C62593346F}.Debug|Any CPU.ActiveCfg = Debug|Any CPU
		{09596DEF-46D0-8AA2-853D-92C62593346F}.Debug|Any CPU.Build.0 = Debug|Any CPU
		{09596DEF-46D0-8AA2-853D-92C62593346F}.Release|Any CPU.ActiveCfg = Release|Any CPU
		{09596DEF-46D0-8AA2-853D-92C62593346F}.Release|Any CPU.Build.0 = Release|Any CPU
		{773414C0-3966-D756-00C1-4B3878998D8A}.Debug|Any CPU.ActiveCfg = Debug|Any CPU
		{773414C0-3966-D756-00C1-4B3878998D8A}.Debug|Any CPU.Build.0 = Debug|Any CPU
		{773414C0-3966-D756-00C1-4B3878998D8A}.Release|Any CPU.ActiveCfg = Release|Any CPU
		{773414C0-3966-D756-00C1-4B3878998D8A}.Release|Any CPU.Build.0 = Release|Any CPU
		{DD534E5C-632A-D8A9-5795-97297E379A03}.Debug|Any CPU.ActiveCfg = Debug|Any CPU
		{DD534E5C-632A-D8A9-5795-97297E379A03}.Debug|Any CPU.Build.0 = Debug|Any CPU
		{DD534E5C-632A-D8A9-5795-97297E379A03}.Release|Any CPU.ActiveCfg = Release|Any CPU
		{DD534E5C-632A-D8A9-5795-97297E379A03}.Release|Any CPU.Build.0 = Release|Any CPU
		{7CE87E4F-889A-6704-C27B-5BCA69CCFE81}.Debug|Any CPU.ActiveCfg = Debug|Any CPU
		{7CE87E4F-889A-6704-C27B-5BCA69CCFE81}.Debug|Any CPU.Build.0 = Debug|Any CPU
		{7CE87E4F-889A-6704-C27B-5BCA69CCFE81}.Release|Any CPU.ActiveCfg = Release|Any CPU
		{7CE87E4F-889A-6704-C27B-5BCA69CCFE81}.Release|Any CPU.Build.0 = Release|Any CPU
		{36C2B820-20B1-737C-9D84-8A7C41E5A5BD}.Debug|Any CPU.ActiveCfg = Debug|Any CPU
		{36C2B820-20B1-737C-9D84-8A7C41E5A5BD}.Debug|Any CPU.Build.0 = Debug|Any CPU
		{36C2B820-20B1-737C-9D84-8A7C41E5A5BD}.Release|Any CPU.ActiveCfg = Release|Any CPU
		{36C2B820-20B1-737C-9D84-8A7C41E5A5BD}.Release|Any CPU.Build.0 = Release|Any CPU
		{B13F1668-6E8C-3D18-2747-D46AD7A435FB}.Debug|Any CPU.ActiveCfg = Debug|Any CPU
		{B13F1668-6E8C-3D18-2747-D46AD7A435FB}.Debug|Any CPU.Build.0 = Debug|Any CPU
		{B13F1668-6E8C-3D18-2747-D46AD7A435FB}.Release|Any CPU.ActiveCfg = Release|Any CPU
		{B13F1668-6E8C-3D18-2747-D46AD7A435FB}.Release|Any CPU.Build.0 = Release|Any CPU
		{796F0F3C-AFB1-EC7E-105A-7EDB690BB11E}.Debug|Any CPU.ActiveCfg = Debug|Any CPU
		{796F0F3C-AFB1-EC7E-105A-7EDB690BB11E}.Debug|Any CPU.Build.0 = Debug|Any CPU
		{796F0F3C-AFB1-EC7E-105A-7EDB690BB11E}.Release|Any CPU.ActiveCfg = Release|Any CPU
		{796F0F3C-AFB1-EC7E-105A-7EDB690BB11E}.Release|Any CPU.Build.0 = Release|Any CPU
	EndGlobalSection
	GlobalSection(SolutionProperties) = preSolution
		HideSolutionNode = FALSE
	EndGlobalSection
EndGlobal
